
Microsoft Visual Studio Solution File, Format Version 12.00
# Visual Studio Version 16
VisualStudioVersion = 16.0.30204.135
MinimumVisualStudioVersion = 10.0.40219.1
Project("{FAE04EC0-301F-11D3-BF4B-00C04F79EFBC}") = "01Variables", "01Variables\01Variables.csproj", "{F7B0FA24-EEB9-433C-BEC7-2E25749F2B35}"
EndProject
Global
	GlobalSection(SolutionConfigurationPlatforms) = preSolution
		Debug|Any CPU = Debug|Any CPU
		Release|Any CPU = Release|Any CPU
	EndGlobalSection
	GlobalSection(ProjectConfigurationPlatforms) = postSolution
		{F7B0FA24-EEB9-433C-BEC7-2E25749F2B35}.Debug|Any CPU.ActiveCfg = Debug|Any CPU
		{F7B0FA24-EEB9-433C-BEC7-2E25749F2B35}.Debug|Any CPU.Build.0 = Debug|Any CPU
		{F7B0FA24-EEB9-433C-BEC7-2E25749F2B35}.Release|Any CPU.ActiveCfg = Release|Any CPU
		{F7B0FA24-EEB9-433C-BEC7-2E25749F2B35}.Release|Any CPU.Build.0 = Release|Any CPU
	EndGlobalSection
	GlobalSection(SolutionProperties) = preSolution
		HideSolutionNode = FALSE
	EndGlobalSection
	GlobalSection(ExtensibilityGlobals) = postSolution
		SolutionGuid = {D122D027-A803-4A5F-9B5A-DB74DA36C27F}
	EndGlobalSection
EndGlobal
