
Microsoft Visual Studio Solution File, Format Version 12.00
# Visual Studio Version 16
VisualStudioVersion = 16.0.30204.135
MinimumVisualStudioVersion = 10.0.40219.1
Project("{FAE04EC0-301F-11D3-BF4B-00C04F79EFBC}") = "02EstructurasDeControl", "02EstructurasDeControl\02EstructurasDeControl.csproj", "{88AC45DB-02C0-476C-8C56-E81F1625495C}"
EndProject
Global
	GlobalSection(SolutionConfigurationPlatforms) = preSolution
		Debug|Any CPU = Debug|Any CPU
		Release|Any CPU = Release|Any CPU
	EndGlobalSection
	GlobalSection(ProjectConfigurationPlatforms) = postSolution
		{88AC45DB-02C0-476C-8C56-E81F1625495C}.Debug|Any CPU.ActiveCfg = Debug|Any CPU
		{88AC45DB-02C0-476C-8C56-E81F1625495C}.Debug|Any CPU.Build.0 = Debug|Any CPU
		{88AC45DB-02C0-476C-8C56-E81F1625495C}.Release|Any CPU.ActiveCfg = Release|Any CPU
		{88AC45DB-02C0-476C-8C56-E81F1625495C}.Release|Any CPU.Build.0 = Release|Any CPU
	EndGlobalSection
	GlobalSection(SolutionProperties) = preSolution
		HideSolutionNode = FALSE
	EndGlobalSection
	GlobalSection(ExtensibilityGlobals) = postSolution
		SolutionGuid = {F989DB44-FC60-439A-9CB8-7A6D8F84E967}
	EndGlobalSection
EndGlobal
